
Microsoft Visual Studio Solution File, Format Version 12.00
# Visual Studio Version 17
VisualStudioVersion = 17.6.33815.320
MinimumVisualStudioVersion = 10.0.40219.1
Project("{888888A0-9F3D-457C-B088-3A5042F75D52}") = "fdmt_cu_v0", "fdmt_cu_v0.pyproj", "{AB80414F-6749-41A3-80FB-20259684CF06}"
EndProject
Global
	GlobalSection(SolutionConfigurationPlatforms) = preSolution
		Debug|Any CPU = Debug|Any CPU
		Release|Any CPU = Release|Any CPU
	EndGlobalSection
	GlobalSection(ProjectConfigurationPlatforms) = postSolution
		{AB80414F-6749-41A3-80FB-20259684CF06}.Debug|Any CPU.ActiveCfg = Debug|Any CPU
		{AB80414F-6749-41A3-80FB-20259684CF06}.Release|Any CPU.ActiveCfg = Release|Any CPU
	EndGlobalSection
	GlobalSection(SolutionProperties) = preSolution
		HideSolutionNode = FALSE
	EndGlobalSection
	GlobalSection(ExtensibilityGlobals) = postSolution
		SolutionGuid = {E96459FF-9CA6-4551-BF1B-9DD0D23DADF0}
	EndGlobalSection
EndGlobal
